
Microsoft Visual Studio Solution File, Format Version 12.00
# Visual Studio Version 16
VisualStudioVersion = 16.0.31702.278
MinimumVisualStudioVersion = 10.0.40219.1
Project("{FAE04EC0-301F-11D3-BF4B-00C04F79EFBC}") = "AgriStockApp", "AgriStockApp\AgriStockApp.csproj", "{D2838642-D25B-428C-AB1E-F51A0CC8100B}"
EndProject
Global
	GlobalSection(SolutionConfigurationPlatforms) = preSolution
		Debug|Any CPU = Debug|Any CPU
		Release|Any CPU = Release|Any CPU
	EndGlobalSection
	GlobalSection(ProjectConfigurationPlatforms) = postSolution
		{D2838642-D25B-428C-AB1E-F51A0CC8100B}.Debug|Any CPU.ActiveCfg = Debug|Any CPU
		{D2838642-D25B-428C-AB1E-F51A0CC8100B}.Debug|Any CPU.Build.0 = Debug|Any CPU
		{D2838642-D25B-428C-AB1E-F51A0CC8100B}.Release|Any CPU.ActiveCfg = Release|Any CPU
		{D2838642-D25B-428C-AB1E-F51A0CC8100B}.Release|Any CPU.Build.0 = Release|Any CPU
	EndGlobalSection
	GlobalSection(SolutionProperties) = preSolution
		HideSolutionNode = FALSE
	EndGlobalSection
	GlobalSection(ExtensibilityGlobals) = postSolution
		SolutionGuid = {43DF5113-DF9F-483F-BAF1-E625CD124C7D}
	EndGlobalSection
EndGlobal
